
Microsoft Visual Studio Solution File, Format Version 12.00
# Visual Studio Version 16
VisualStudioVersion = 16.0.33423.256
MinimumVisualStudioVersion = 10.0.40219.1
Project("{FAE04EC0-301F-11D3-BF4B-00C04F79EFBC}") = "Ej3LINQ", "Ej3LINQ\Ej3LINQ.csproj", "{C7D1D5D0-0E6A-4AAF-8598-10D48AB4AFF3}"
EndProject
Global
	GlobalSection(SolutionConfigurationPlatforms) = preSolution
		Debug|Any CPU = Debug|Any CPU
		Release|Any CPU = Release|Any CPU
	EndGlobalSection
	GlobalSection(ProjectConfigurationPlatforms) = postSolution
		{C7D1D5D0-0E6A-4AAF-8598-10D48AB4AFF3}.Debug|Any CPU.ActiveCfg = Debug|Any CPU
		{C7D1D5D0-0E6A-4AAF-8598-10D48AB4AFF3}.Debug|Any CPU.Build.0 = Debug|Any CPU
		{C7D1D5D0-0E6A-4AAF-8598-10D48AB4AFF3}.Release|Any CPU.ActiveCfg = Release|Any CPU
		{C7D1D5D0-0E6A-4AAF-8598-10D48AB4AFF3}.Release|Any CPU.Build.0 = Release|Any CPU
	EndGlobalSection
	GlobalSection(SolutionProperties) = preSolution
		HideSolutionNode = FALSE
	EndGlobalSection
	GlobalSection(ExtensibilityGlobals) = postSolution
		SolutionGuid = {38FF19D9-D6B1-4E8F-8CB5-B731BBAB08F5}
	EndGlobalSection
EndGlobal
