
Microsoft Visual Studio Solution File, Format Version 12.00
# Visual Studio Version 16
VisualStudioVersion = 16.0.33423.256
MinimumVisualStudioVersion = 10.0.40219.1
Project("{FAE04EC0-301F-11D3-BF4B-00C04F79EFBC}") = "LabClases5", "LabClases5\LabClases5.csproj", "{AEF90988-94F9-4EFE-82C6-6C238053CAF5}"
EndProject
Global
	GlobalSection(SolutionConfigurationPlatforms) = preSolution
		Debug|Any CPU = Debug|Any CPU
		Release|Any CPU = Release|Any CPU
	EndGlobalSection
	GlobalSection(ProjectConfigurationPlatforms) = postSolution
		{AEF90988-94F9-4EFE-82C6-6C238053CAF5}.Debug|Any CPU.ActiveCfg = Debug|Any CPU
		{AEF90988-94F9-4EFE-82C6-6C238053CAF5}.Debug|Any CPU.Build.0 = Debug|Any CPU
		{AEF90988-94F9-4EFE-82C6-6C238053CAF5}.Release|Any CPU.ActiveCfg = Release|Any CPU
		{AEF90988-94F9-4EFE-82C6-6C238053CAF5}.Release|Any CPU.Build.0 = Release|Any CPU
	EndGlobalSection
	GlobalSection(SolutionProperties) = preSolution
		HideSolutionNode = FALSE
	EndGlobalSection
	GlobalSection(ExtensibilityGlobals) = postSolution
		SolutionGuid = {534F0394-7E2B-4389-BEE6-EA7255C401AC}
	EndGlobalSection
EndGlobal
