
Microsoft Visual Studio Solution File, Format Version 12.00
# Visual Studio Version 16
VisualStudioVersion = 16.0.33423.256
MinimumVisualStudioVersion = 10.0.40219.1
Project("{FAE04EC0-301F-11D3-BF4B-00C04F79EFBC}") = "LabClases4", "LabClases4\LabClases4.csproj", "{A202DAC1-E73B-4E23-AC4F-DDA6FC258AD4}"
EndProject
Project("{FAE04EC0-301F-11D3-BF4B-00C04F79EFBC}") = "Clases", "Clases\Clases.csproj", "{D88AD451-7FC6-4977-B6E7-D5464BFBFB49}"
EndProject
Global
	GlobalSection(SolutionConfigurationPlatforms) = preSolution
		Debug|Any CPU = Debug|Any CPU
		Release|Any CPU = Release|Any CPU
	EndGlobalSection
	GlobalSection(ProjectConfigurationPlatforms) = postSolution
		{A202DAC1-E73B-4E23-AC4F-DDA6FC258AD4}.Debug|Any CPU.ActiveCfg = Debug|Any CPU
		{A202DAC1-E73B-4E23-AC4F-DDA6FC258AD4}.Debug|Any CPU.Build.0 = Debug|Any CPU
		{A202DAC1-E73B-4E23-AC4F-DDA6FC258AD4}.Release|Any CPU.ActiveCfg = Release|Any CPU
		{A202DAC1-E73B-4E23-AC4F-DDA6FC258AD4}.Release|Any CPU.Build.0 = Release|Any CPU
		{D88AD451-7FC6-4977-B6E7-D5464BFBFB49}.Debug|Any CPU.ActiveCfg = Debug|Any CPU
		{D88AD451-7FC6-4977-B6E7-D5464BFBFB49}.Debug|Any CPU.Build.0 = Debug|Any CPU
		{D88AD451-7FC6-4977-B6E7-D5464BFBFB49}.Release|Any CPU.ActiveCfg = Release|Any CPU
		{D88AD451-7FC6-4977-B6E7-D5464BFBFB49}.Release|Any CPU.Build.0 = Release|Any CPU
	EndGlobalSection
	GlobalSection(SolutionProperties) = preSolution
		HideSolutionNode = FALSE
	EndGlobalSection
	GlobalSection(ExtensibilityGlobals) = postSolution
		SolutionGuid = {E76002F1-99B2-45CC-AAA2-CEA9B2F3045D}
	EndGlobalSection
EndGlobal
