
Microsoft Visual Studio Solution File, Format Version 12.00
# Visual Studio Version 16
VisualStudioVersion = 16.0.33423.256
MinimumVisualStudioVersion = 10.0.40219.1
Project("{FAE04EC0-301F-11D3-BF4B-00C04F79EFBC}") = "Ej1LINQ", "Ej1LINQ\Ej1LINQ.csproj", "{261A9E5B-605D-4B0B-B9FC-046EECFD3E4F}"
EndProject
Global
	GlobalSection(SolutionConfigurationPlatforms) = preSolution
		Debug|Any CPU = Debug|Any CPU
		Release|Any CPU = Release|Any CPU
	EndGlobalSection
	GlobalSection(ProjectConfigurationPlatforms) = postSolution
		{261A9E5B-605D-4B0B-B9FC-046EECFD3E4F}.Debug|Any CPU.ActiveCfg = Debug|Any CPU
		{261A9E5B-605D-4B0B-B9FC-046EECFD3E4F}.Debug|Any CPU.Build.0 = Debug|Any CPU
		{261A9E5B-605D-4B0B-B9FC-046EECFD3E4F}.Release|Any CPU.ActiveCfg = Release|Any CPU
		{261A9E5B-605D-4B0B-B9FC-046EECFD3E4F}.Release|Any CPU.Build.0 = Release|Any CPU
	EndGlobalSection
	GlobalSection(SolutionProperties) = preSolution
		HideSolutionNode = FALSE
	EndGlobalSection
	GlobalSection(ExtensibilityGlobals) = postSolution
		SolutionGuid = {3E4A40C3-B600-4CA3-AE60-5773F249CB40}
	EndGlobalSection
EndGlobal
